<?xml version="1.0" encoding="UTF-8" standalone="yes" ?>
<CodeBlocks_project_file>
	<FileVersion major="1" minor="6" />
	<Project>
		<Option title="Allegro" />
		<Option pch_mode="2" />
		<Option compiler="gcc" />
		<Build>
			<Target title="Debug">
				<Option output="bin/Debug/Allegro" prefix_auto="1" extension_auto="1" />
				<Option object_output="obj/Debug/" />
				<Option type="1" />
				<Option compiler="gcc" />
				<Compiler>
					<Add option="-g" />
				</Compiler>
				<Linker>
					<Add library="../../AllegroFile/allegro/lib/liballegro_monolith-debug.dll.a" />
				</Linker>
			</Target>
			<Target title="Release">
				<Option output="bin/Release/Allegro" prefix_auto="1" extension_auto="1" />
				<Option object_output="obj/Release/" />
				<Option type="1" />
				<Option compiler="gcc" />
				<Compiler>
					<Add option="-O2" />
				</Compiler>
				<Linker>
					<Add option="-s" />
					<Add library="../../AllegroFile/allegro/lib/liballegro_monolith.dll.a" />
				</Linker>
			</Target>
		</Build>
		<Compiler>
			<Add option="-Wall" />
			<Add directory="../../AllegroFile/allegro/include" />
		</Compiler>
		<Linker>
			<Add directory="../../AllegroFile/allegro/lib" />
		</Linker>
		<Unit filename="Lab11/code/collision.cpp" />
		<Unit filename="Lab11/code/collision.h" />
		<Unit filename="Lab11/code/image_library.cpp" />
		<Unit filename="Lab11/code/image_library.h" />
		<Unit filename="Lab11/code/image_sequence.cpp" />
		<Unit filename="Lab11/code/image_sequence.h" />
		<Unit filename="Lab11/code/keyboard_manager.cpp" />
		<Unit filename="Lab11/code/keyboard_manager.h" />
		<Unit filename="Lab11/code/main.cpp" />
		<Unit filename="Lab11/code/obstruction_sprite.cpp" />
		<Unit filename="Lab11/code/obstruction_sprite.h" />
		<Unit filename="Lab11/code/phys_sprite.cpp" />
		<Unit filename="Lab11/code/phys_sprite.h" />
		<Unit filename="Lab11/code/player_sprite.cpp" />
		<Unit filename="Lab11/code/player_sprite.h" />
		<Unit filename="Lab11/code/rectangle.cpp" />
		<Unit filename="Lab11/code/rectangle.h" />
		<Unit filename="Lab11/code/sprite.cpp" />
		<Unit filename="Lab11/code/sprite.h" />
		<Unit filename="Lab11/code/vec2d.cpp" />
		<Unit filename="Lab11/code/vec2d.h" />
		<Unit filename="Lab11/code/world.cpp" />
		<Unit filename="Lab11/code/world.h" />
		<Extensions>
			<code_completion />
			<envvars />
			<debugger />
			<lib_finder disable_auto="1" />
		</Extensions>
	</Project>
</CodeBlocks_project_file>
